{
  "name": "widgets",
  "version": "0.0.1",
  "lockfileVersion": 2,
  "requires": true,
  "packages": {
    "": {
      "name": "widgets",
      "version": "0.0.1",
      "dependencies": {
        "tslib": "^2.3.0"
      },
      "peerDependencies": {
        "@angular/common": "^14.2.6",
        "@angular/core": "^14.2.6",
        "@angular/platform-browser": "^14.2.6",
        "@asymmetrik/ngx-leaflet": "^14.0.1",
        "@boring.devs/ngx-datatable": "^20.0.0",
        "@pnsn/ngx-squacapi-client": "^0.0.8",
        "colormap": "^2.3.2",
        "dayjs": "^1.10.7",
        "echarts": "^5.3.2",
        "leaflet": "^1.6.0",
        "ngx-echarts": "^14.0.0"
      }
    },
    "node_modules/@angular/common": {
      "version": "14.2.11",
      "resolved": "https://registry.npmjs.org/@angular/common/-/common-14.2.11.tgz",
      "integrity": "sha512-a5w7lz4SoUzCwSDnuUPnfbEYPA8ufFiXz44mOv48P4uIb78q3rZ/R/EyWD1O3yJPof0o8aPNKpKZzuRDv3Q8ow==",
      "peer": true,
      "dependencies": {
        "tslib": "^2.3.0"
      },
      "engines": {
        "node": "^14.15.0 || >=16.10.0"
      },
      "peerDependencies": {
        "@angular/core": "14.2.11",
        "rxjs": "^6.5.3 || ^7.4.0"
      }
    },
    "node_modules/@angular/core": {
      "version": "14.2.11",
      "resolved": "https://registry.npmjs.org/@angular/core/-/core-14.2.11.tgz",
      "integrity": "sha512-4uEIA6ESMLt2f/ivKuVBpME0IbuFHWmpweN4dwJt83DfJBiBfpqdrFYZHz/Kbkh9cGCiP7L4/eKPRWTlAHehhw==",
      "peer": true,
      "dependencies": {
        "tslib": "^2.3.0"
      },
      "engines": {
        "node": "^14.15.0 || >=16.10.0"
      },
      "peerDependencies": {
        "rxjs": "^6.5.3 || ^7.4.0",
        "zone.js": "~0.11.4 || ~0.12.0"
      }
    },
    "node_modules/@angular/platform-browser": {
      "version": "14.2.11",
      "resolved": "https://registry.npmjs.org/@angular/platform-browser/-/platform-browser-14.2.11.tgz",
      "integrity": "sha512-lGi9pF0Kf/GGrVKcfxxfStM2eMSluDTmbcYuVAX28iBn5XEdfsonrkfy2cnxUMnQ7nioMAZBNGOJHbQPKz4jwg==",
      "peer": true,
      "dependencies": {
        "tslib": "^2.3.0"
      },
      "engines": {
        "node": "^14.15.0 || >=16.10.0"
      },
      "peerDependencies": {
        "@angular/animations": "14.2.11",
        "@angular/common": "14.2.11",
        "@angular/core": "14.2.11"
      },
      "peerDependenciesMeta": {
        "@angular/animations": {
          "optional": true
        }
      }
    },
    "node_modules/@asymmetrik/ngx-leaflet": {
      "version": "14.0.1",
      "resolved": "https://registry.npmjs.org/@asymmetrik/ngx-leaflet/-/ngx-leaflet-14.0.1.tgz",
      "integrity": "sha512-bARZjrkB8JbXGpeMnE2SLL4WFwpKpkyxCkHWTHR1vT/oRva6hpDhTf8PgR2zF1TYOB8GZt0JXYVZ8ao5qzYvaA==",
      "peer": true,
      "dependencies": {
        "tslib": "^2.3.0"
      },
      "peerDependencies": {
        "@angular/common": "14",
        "@angular/core": "14",
        "leaflet": "1"
      }
    },
    "node_modules/@boring.devs/ngx-datatable": {
      "version": "20.0.0",
      "resolved": "https://registry.npmjs.org/@boring.devs/ngx-datatable/-/ngx-datatable-20.0.0.tgz",
      "integrity": "sha512-/A1Bqao3+K/tFfaE+wXsXino0xPiTiAy5VhCB7jilMy6tH9wEpZkmQnyQAI0pFJx9wuEkpYZ01hY/SND/B5wug==",
      "peer": true,
      "dependencies": {
        "tslib": "^2.0.0"
      },
      "peerDependencies": {
        "@angular/common": ">=11.0.2",
        "@angular/core": ">=11.0.2",
        "@angular/platform-browser": ">=11.0.2",
        "rxjs": ">=6.6.3"
      }
    },
    "node_modules/@pnsn/ngx-squacapi-client": {
      "version": "0.0.8",
      "resolved": "https://registry.npmjs.org/@pnsn/ngx-squacapi-client/-/ngx-squacapi-client-0.0.8.tgz",
      "integrity": "sha512-8blyzHTF9DSVWXfAER3qzKogUmcN++rBb5QoOU5XQ3jZVmIqay4J7K54gVEgmr/zUGbEZpgngE53QBLKur2T3A==",
      "peer": true,
      "dependencies": {
        "tslib": "^2.3.0"
      },
      "peerDependencies": {
        "@angular/core": "^14.2.6",
        "rxjs": "^7.5.5"
      }
    },
    "node_modules/colormap": {
      "version": "2.3.2",
      "resolved": "https://registry.npmjs.org/colormap/-/colormap-2.3.2.tgz",
      "integrity": "sha512-jDOjaoEEmA9AgA11B/jCSAvYE95r3wRoAyTf3LEHGiUVlNHJaL1mRkf5AyLSpQBVGfTEPwGEqCIzL+kgr2WgNA==",
      "peer": true,
      "dependencies": {
        "lerp": "^1.0.3"
      }
    },
    "node_modules/dayjs": {
      "version": "1.11.6",
      "resolved": "https://registry.npmjs.org/dayjs/-/dayjs-1.11.6.tgz",
      "integrity": "sha512-zZbY5giJAinCG+7AGaw0wIhNZ6J8AhWuSXKvuc1KAyMiRsvGQWqh4L+MomvhdAYjN+lqvVCMq1I41e3YHvXkyQ==",
      "peer": true
    },
    "node_modules/echarts": {
      "version": "5.4.0",
      "resolved": "https://registry.npmjs.org/echarts/-/echarts-5.4.0.tgz",
      "integrity": "sha512-uPsO9VRUIKAdFOoH3B0aNg7NRVdN7aM39/OjovjO9MwmWsAkfGyeXJhK+dbRi51iDrQWliXV60/XwLA7kg3z0w==",
      "peer": true,
      "dependencies": {
        "tslib": "2.3.0",
        "zrender": "5.4.0"
      }
    },
    "node_modules/echarts/node_modules/tslib": {
      "version": "2.3.0",
      "resolved": "https://registry.npmjs.org/tslib/-/tslib-2.3.0.tgz",
      "integrity": "sha512-N82ooyxVNm6h1riLCoyS9e3fuJ3AMG2zIZs2Gd1ATcSFjSA23Q0fzjjZeh0jbJvWVDZ0cJT8yaNNaaXHzueNjg==",
      "peer": true
    },
    "node_modules/leaflet": {
      "version": "1.9.2",
      "resolved": "https://registry.npmjs.org/leaflet/-/leaflet-1.9.2.tgz",
      "integrity": "sha512-Kc77HQvWO+y9y2oIs3dn5h5sy2kr3j41ewdqCMEUA4N89lgfUUfOBy7wnnHEstDpefiGFObq12FdopGRMx4J7g==",
      "peer": true
    },
    "node_modules/lerp": {
      "version": "1.0.3",
      "resolved": "https://registry.npmjs.org/lerp/-/lerp-1.0.3.tgz",
      "integrity": "sha512-70Rh4rCkJDvwWiTsyZ1HmJGvnyfFah4m6iTux29XmasRiZPDBpT9Cfa4ai73+uLZxnlKruUS62jj2lb11wURiA==",
      "peer": true
    },
    "node_modules/ngx-echarts": {
      "version": "14.0.0",
      "resolved": "https://registry.npmjs.org/ngx-echarts/-/ngx-echarts-14.0.0.tgz",
      "integrity": "sha512-Q8J/DXiWqYM2vqTfQq16A7KyxbWECZSiAApS0rBjsAJCPjG/VZogUe0snZ/i3mA6bV3vYm41imTYOaH+Rl97QA==",
      "peer": true,
      "dependencies": {
        "tslib": "^2.3.0"
      },
      "peerDependencies": {
        "echarts": ">=5.0.0"
      }
    },
    "node_modules/rxjs": {
      "version": "7.5.7",
      "resolved": "https://registry.npmjs.org/rxjs/-/rxjs-7.5.7.tgz",
      "integrity": "sha512-z9MzKh/UcOqB3i20H6rtrlaE/CgjLOvheWK/9ILrbhROGTweAi1BaFsTT9FbwZi5Trr1qNRs+MXkhmR06awzQA==",
      "peer": true,
      "dependencies": {
        "tslib": "^2.1.0"
      }
    },
    "node_modules/tslib": {
      "version": "2.4.1",
      "resolved": "https://registry.npmjs.org/tslib/-/tslib-2.4.1.tgz",
      "integrity": "sha512-tGyy4dAjRIEwI7BzsB0lynWgOpfqjUdq91XXAlIWD2OwKBH7oCl/GZG/HT4BOHrTlPMOASlMQ7veyTqpmRcrNA=="
    },
    "node_modules/zone.js": {
      "version": "0.12.0",
      "resolved": "https://registry.npmjs.org/zone.js/-/zone.js-0.12.0.tgz",
      "integrity": "sha512-XtC+I5dXU14HrzidAKBNMqneIVUykLEAA1x+v4KVrd6AUPWlwYORF8KgsVqvgdHiKZ4BkxxjvYi/ksEixTPR0Q==",
      "peer": true,
      "dependencies": {
        "tslib": "^2.3.0"
      }
    },
    "node_modules/zrender": {
      "version": "5.4.0",
      "resolved": "https://registry.npmjs.org/zrender/-/zrender-5.4.0.tgz",
      "integrity": "sha512-rOS09Z2HSVGFs2dn/TuYk5BlCaZcVe8UDLLjj1ySYF828LATKKdxuakSZMvrDz54yiKPDYVfjdKqcX8Jky3BIA==",
      "peer": true,
      "dependencies": {
        "tslib": "2.3.0"
      }
    },
    "node_modules/zrender/node_modules/tslib": {
      "version": "2.3.0",
      "resolved": "https://registry.npmjs.org/tslib/-/tslib-2.3.0.tgz",
      "integrity": "sha512-N82ooyxVNm6h1riLCoyS9e3fuJ3AMG2zIZs2Gd1ATcSFjSA23Q0fzjjZeh0jbJvWVDZ0cJT8yaNNaaXHzueNjg==",
      "peer": true
    }
  },
  "dependencies": {
    "@angular/common": {
      "version": "14.2.11",
      "resolved": "https://registry.npmjs.org/@angular/common/-/common-14.2.11.tgz",
      "integrity": "sha512-a5w7lz4SoUzCwSDnuUPnfbEYPA8ufFiXz44mOv48P4uIb78q3rZ/R/EyWD1O3yJPof0o8aPNKpKZzuRDv3Q8ow==",
      "peer": true,
      "requires": {
        "tslib": "^2.3.0"
      }
    },
    "@angular/core": {
      "version": "14.2.11",
      "resolved": "https://registry.npmjs.org/@angular/core/-/core-14.2.11.tgz",
      "integrity": "sha512-4uEIA6ESMLt2f/ivKuVBpME0IbuFHWmpweN4dwJt83DfJBiBfpqdrFYZHz/Kbkh9cGCiP7L4/eKPRWTlAHehhw==",
      "peer": true,
      "requires": {
        "tslib": "^2.3.0"
      }
    },
    "@angular/platform-browser": {
      "version": "14.2.11",
      "resolved": "https://registry.npmjs.org/@angular/platform-browser/-/platform-browser-14.2.11.tgz",
      "integrity": "sha512-lGi9pF0Kf/GGrVKcfxxfStM2eMSluDTmbcYuVAX28iBn5XEdfsonrkfy2cnxUMnQ7nioMAZBNGOJHbQPKz4jwg==",
      "peer": true,
      "requires": {
        "tslib": "^2.3.0"
      }
    },
    "@asymmetrik/ngx-leaflet": {
      "version": "14.0.1",
      "resolved": "https://registry.npmjs.org/@asymmetrik/ngx-leaflet/-/ngx-leaflet-14.0.1.tgz",
      "integrity": "sha512-bARZjrkB8JbXGpeMnE2SLL4WFwpKpkyxCkHWTHR1vT/oRva6hpDhTf8PgR2zF1TYOB8GZt0JXYVZ8ao5qzYvaA==",
      "peer": true,
      "requires": {
        "tslib": "^2.3.0"
      }
    },
    "@boring.devs/ngx-datatable": {
      "version": "20.0.0",
      "resolved": "https://registry.npmjs.org/@boring.devs/ngx-datatable/-/ngx-datatable-20.0.0.tgz",
      "integrity": "sha512-/A1Bqao3+K/tFfaE+wXsXino0xPiTiAy5VhCB7jilMy6tH9wEpZkmQnyQAI0pFJx9wuEkpYZ01hY/SND/B5wug==",
      "peer": true,
      "requires": {
        "tslib": "^2.0.0"
      }
    },
    "@pnsn/ngx-squacapi-client": {
      "version": "0.0.8",
      "resolved": "https://registry.npmjs.org/@pnsn/ngx-squacapi-client/-/ngx-squacapi-client-0.0.8.tgz",
      "integrity": "sha512-8blyzHTF9DSVWXfAER3qzKogUmcN++rBb5QoOU5XQ3jZVmIqay4J7K54gVEgmr/zUGbEZpgngE53QBLKur2T3A==",
      "peer": true,
      "requires": {
        "tslib": "^2.3.0"
      }
    },
    "colormap": {
      "version": "2.3.2",
      "resolved": "https://registry.npmjs.org/colormap/-/colormap-2.3.2.tgz",
      "integrity": "sha512-jDOjaoEEmA9AgA11B/jCSAvYE95r3wRoAyTf3LEHGiUVlNHJaL1mRkf5AyLSpQBVGfTEPwGEqCIzL+kgr2WgNA==",
      "peer": true,
      "requires": {
        "lerp": "^1.0.3"
      }
    },
    "dayjs": {
      "version": "1.11.6",
      "resolved": "https://registry.npmjs.org/dayjs/-/dayjs-1.11.6.tgz",
      "integrity": "sha512-zZbY5giJAinCG+7AGaw0wIhNZ6J8AhWuSXKvuc1KAyMiRsvGQWqh4L+MomvhdAYjN+lqvVCMq1I41e3YHvXkyQ==",
      "peer": true
    },
    "echarts": {
      "version": "5.4.0",
      "resolved": "https://registry.npmjs.org/echarts/-/echarts-5.4.0.tgz",
      "integrity": "sha512-uPsO9VRUIKAdFOoH3B0aNg7NRVdN7aM39/OjovjO9MwmWsAkfGyeXJhK+dbRi51iDrQWliXV60/XwLA7kg3z0w==",
      "peer": true,
      "requires": {
        "tslib": "2.3.0",
        "zrender": "5.4.0"
      },
      "dependencies": {
        "tslib": {
          "version": "2.3.0",
          "resolved": "https://registry.npmjs.org/tslib/-/tslib-2.3.0.tgz",
          "integrity": "sha512-N82ooyxVNm6h1riLCoyS9e3fuJ3AMG2zIZs2Gd1ATcSFjSA23Q0fzjjZeh0jbJvWVDZ0cJT8yaNNaaXHzueNjg==",
          "peer": true
        }
      }
    },
    "leaflet": {
      "version": "1.9.2",
      "resolved": "https://registry.npmjs.org/leaflet/-/leaflet-1.9.2.tgz",
      "integrity": "sha512-Kc77HQvWO+y9y2oIs3dn5h5sy2kr3j41ewdqCMEUA4N89lgfUUfOBy7wnnHEstDpefiGFObq12FdopGRMx4J7g==",
      "peer": true
    },
    "lerp": {
      "version": "1.0.3",
      "resolved": "https://registry.npmjs.org/lerp/-/lerp-1.0.3.tgz",
      "integrity": "sha512-70Rh4rCkJDvwWiTsyZ1HmJGvnyfFah4m6iTux29XmasRiZPDBpT9Cfa4ai73+uLZxnlKruUS62jj2lb11wURiA==",
      "peer": true
    },
    "ngx-echarts": {
      "version": "14.0.0",
      "resolved": "https://registry.npmjs.org/ngx-echarts/-/ngx-echarts-14.0.0.tgz",
      "integrity": "sha512-Q8J/DXiWqYM2vqTfQq16A7KyxbWECZSiAApS0rBjsAJCPjG/VZogUe0snZ/i3mA6bV3vYm41imTYOaH+Rl97QA==",
      "peer": true,
      "requires": {
        "tslib": "^2.3.0"
      }
    },
    "rxjs": {
      "version": "7.5.7",
      "resolved": "https://registry.npmjs.org/rxjs/-/rxjs-7.5.7.tgz",
      "integrity": "sha512-z9MzKh/UcOqB3i20H6rtrlaE/CgjLOvheWK/9ILrbhROGTweAi1BaFsTT9FbwZi5Trr1qNRs+MXkhmR06awzQA==",
      "peer": true,
      "requires": {
        "tslib": "^2.1.0"
      }
    },
    "tslib": {
      "version": "2.4.1",
      "resolved": "https://registry.npmjs.org/tslib/-/tslib-2.4.1.tgz",
      "integrity": "sha512-tGyy4dAjRIEwI7BzsB0lynWgOpfqjUdq91XXAlIWD2OwKBH7oCl/GZG/HT4BOHrTlPMOASlMQ7veyTqpmRcrNA=="
    },
    "zone.js": {
      "version": "0.12.0",
      "resolved": "https://registry.npmjs.org/zone.js/-/zone.js-0.12.0.tgz",
      "integrity": "sha512-XtC+I5dXU14HrzidAKBNMqneIVUykLEAA1x+v4KVrd6AUPWlwYORF8KgsVqvgdHiKZ4BkxxjvYi/ksEixTPR0Q==",
      "peer": true,
      "requires": {
        "tslib": "^2.3.0"
      }
    },
    "zrender": {
      "version": "5.4.0",
      "resolved": "https://registry.npmjs.org/zrender/-/zrender-5.4.0.tgz",
      "integrity": "sha512-rOS09Z2HSVGFs2dn/TuYk5BlCaZcVe8UDLLjj1ySYF828LATKKdxuakSZMvrDz54yiKPDYVfjdKqcX8Jky3BIA==",
      "peer": true,
      "requires": {
        "tslib": "2.3.0"
      },
      "dependencies": {
        "tslib": {
          "version": "2.3.0",
          "resolved": "https://registry.npmjs.org/tslib/-/tslib-2.3.0.tgz",
          "integrity": "sha512-N82ooyxVNm6h1riLCoyS9e3fuJ3AMG2zIZs2Gd1ATcSFjSA23Q0fzjjZeh0jbJvWVDZ0cJT8yaNNaaXHzueNjg==",
          "peer": true
        }
      }
    }
  }
}
